<?xml version="1.0" encoding="UTF-8" standalone="yes" ?>
<CodeBlocks_project_file>
	<FileVersion major="1" minor="6" />
	<Project>
		<Option title="mrustc" />
		<Option pch_mode="2" />
		<Option compiler="gcc" />
		<Build>
			<Target title="Debug">
				<Option output="bin/Debug/mrustc" prefix_auto="1" extension_auto="1" />
				<Option object_output="obj/Debug/" />
				<Option type="1" />
				<Option compiler="gcc" />
				<Compiler>
					<Add option="-g" />
					<Add directory="parse" />
				</Compiler>
			</Target>
			<Target title="Release">
				<Option output="bin/Release/mrustc" prefix_auto="1" extension_auto="1" />
				<Option object_output="obj/Release/" />
				<Option type="1" />
				<Option compiler="gcc" />
				<Compiler>
					<Add option="-O2" />
					<Add directory="parse" />
				</Compiler>
				<Linker>
					<Add option="-s" />
				</Linker>
			</Target>
		</Build>
		<Compiler>
			<Add option="-Wall" />
			<Add option="-fexceptions" />
		</Compiler>
		<Unit filename="src/ast/ast.cpp" />
		<Unit filename="src/ast/ast.hpp" />
		<Unit filename="src/ast/path.hpp" />
		<Unit filename="src/common.hpp" />
		<Unit filename="src/convert/flatten.cpp" />
		<Unit filename="src/convert/render.cpp" />
		<Unit filename="src/convert/resolve.cpp" />
		<Unit filename="src/coretypes.hpp" />
		<Unit filename="src/macros.cpp" />
		<Unit filename="src/main.cpp" />
		<Unit filename="src/parse/common.hpp" />
		<Unit filename="src/parse/expr.cpp" />
		<Unit filename="src/parse/lex.cpp" />
		<Unit filename="src/parse/lex.hpp" />
		<Unit filename="src/parse/parseerror.cpp" />
		<Unit filename="src/parse/parseerror.hpp" />
		<Unit filename="src/parse/preproc.cpp" />
		<Unit filename="src/parse/preproc.hpp" />
		<Unit filename="src/parse/root.cpp" />
		<Unit filename="src/samples/1.rs" />
		<Unit filename="src/types.cpp" />
		<Unit filename="src/types.hpp" />
		<Extensions>
			<code_completion />
			<envvars />
			<debugger />
			<lib_finder disable_auto="1" />
		</Extensions>
	</Project>
</CodeBlocks_project_file>
