
Microsoft Visual Studio Solution File, Format Version 12.00
# Visual Studio Version 16
VisualStudioVersion = 16.0.29306.81
MinimumVisualStudioVersion = 10.0.40219.1
Project("{8BC9CEB8-8B4A-11D0-8D11-00A0C91BC942}") = "mrustc", "mrustc.vcxproj", "{12AA9964-C1BD-406A-9545-43EE63230EBE}"
	ProjectSection(ProjectDependencies) = postProject
		{79D1C15A-1FFD-4957-B56F-FE9874793C9A} = {79D1C15A-1FFD-4957-B56F-FE9874793C9A}
		{C2AE52D0-1EA5-4072-BE90-E4CEEB5002C4} = {C2AE52D0-1EA5-4072-BE90-E4CEEB5002C4}
	EndProjectSection
EndProject
Project("{8BC9CEB8-8B4A-11D0-8D11-00A0C91BC942}") = "tu_test", "tu_test\tu_test.vcxproj", "{F0A80ABB-A11A-492C-B5FC-E26C29A988D8}"
EndProject
Project("{8BC9CEB8-8B4A-11D0-8D11-00A0C91BC942}") = "minicargo", "minicargo\minicargo.vcxproj", "{15F3D38B-14FF-4872-805D-6D9C52920842}"
	ProjectSection(ProjectDependencies) = postProject
		{12AA9964-C1BD-406A-9545-43EE63230EBE} = {12AA9964-C1BD-406A-9545-43EE63230EBE}
		{C2AE52D0-1EA5-4072-BE90-E4CEEB5002C4} = {C2AE52D0-1EA5-4072-BE90-E4CEEB5002C4}
	EndProjectSection
EndProject
Project("{8BC9CEB8-8B4A-11D0-8D11-00A0C91BC942}") = "testrunner", "testrunner\testrunner.vcxproj", "{A6679301-7BF1-4B37-9468-687769472E24}"
	ProjectSection(ProjectDependencies) = postProject
		{C2AE52D0-1EA5-4072-BE90-E4CEEB5002C4} = {C2AE52D0-1EA5-4072-BE90-E4CEEB5002C4}
	EndProjectSection
EndProject
Project("{8BC9CEB8-8B4A-11D0-8D11-00A0C91BC942}") = "standalone_miri", "standalone_miri\standalone_miri.vcxproj", "{253306D0-355B-41F2-A2F6-033DED548878}"
	ProjectSection(ProjectDependencies) = postProject
		{285C998F-92FC-4FE1-96C6-4BB1551074F8} = {285C998F-92FC-4FE1-96C6-4BB1551074F8}
	EndProjectSection
EndProject
Project("{8BC9CEB8-8B4A-11D0-8D11-00A0C91BC942}") = "common_lib", "common_lib\common_lib.vcxproj", "{C2AE52D0-1EA5-4072-BE90-E4CEEB5002C4}"
EndProject
Project("{8BC9CEB8-8B4A-11D0-8D11-00A0C91BC942}") = "mir_opt_test", "mir_opt_test\mir_opt_test.vcxproj", "{09D9A76F-51FF-4310-ABBE-CD7C52F3B6EA}"
	ProjectSection(ProjectDependencies) = postProject
		{79D1C15A-1FFD-4957-B56F-FE9874793C9A} = {79D1C15A-1FFD-4957-B56F-FE9874793C9A}
		{C2AE52D0-1EA5-4072-BE90-E4CEEB5002C4} = {C2AE52D0-1EA5-4072-BE90-E4CEEB5002C4}
	EndProjectSection
EndProject
Project("{8BC9CEB8-8B4A-11D0-8D11-00A0C91BC942}") = "mrustc_lib", "mrustc_lib\mrustc_lib.vcxproj", "{79D1C15A-1FFD-4957-B56F-FE9874793C9A}"
EndProject
Project("{8BC9CEB8-8B4A-11D0-8D11-00A0C91BC942}") = "memory_analyser", "memory_analyser\memory_analyser.vcxproj", "{F5708530-1C18-4C6D-8257-7025C4D0006A}"
EndProject
Project("{8BC9CEB8-8B4A-11D0-8D11-00A0C91BC942}") = "backend_c", "backend_c\backend_c.vcxproj", "{A2669225-D449-4909-864E-018CF528779D}"
	ProjectSection(ProjectDependencies) = postProject
		{285C998F-92FC-4FE1-96C6-4BB1551074F8} = {285C998F-92FC-4FE1-96C6-4BB1551074F8}
		{C2AE52D0-1EA5-4072-BE90-E4CEEB5002C4} = {C2AE52D0-1EA5-4072-BE90-E4CEEB5002C4}
	EndProjectSection
EndProject
Project("{8BC9CEB8-8B4A-11D0-8D11-00A0C91BC942}") = "mmir_lib", "mmir_lib\mmir_lib.vcxproj", "{285C998F-92FC-4FE1-96C6-4BB1551074F8}"
	ProjectSection(ProjectDependencies) = postProject
		{C2AE52D0-1EA5-4072-BE90-E4CEEB5002C4} = {C2AE52D0-1EA5-4072-BE90-E4CEEB5002C4}
	EndProjectSection
EndProject
Project("{8BC9CEB8-8B4A-11D0-8D11-00A0C91BC942}") = "dump_hirfile", "dump_hirfile\dump_hirfile.vcxproj", "{37E4E408-2813-41EB-A6F2-1EF15CA6D896}"
	ProjectSection(ProjectDependencies) = postProject
		{79D1C15A-1FFD-4957-B56F-FE9874793C9A} = {79D1C15A-1FFD-4957-B56F-FE9874793C9A}
		{C2AE52D0-1EA5-4072-BE90-E4CEEB5002C4} = {C2AE52D0-1EA5-4072-BE90-E4CEEB5002C4}
	EndProjectSection
EndProject
Project("{8BC9CEB8-8B4A-11D0-8D11-00A0C91BC942}") = "minipatch", "minipatch\minipatch.vcxproj", "{21704A50-CBD1-43C4-B4E1-FB8D3E3CC365}"
EndProject
Global
	GlobalSection(SolutionConfigurationPlatforms) = preSolution
		Debug|x64 = Debug|x64
		Debug|x86 = Debug|x86
		Release|x64 = Release|x64
		Release|x86 = Release|x86
	EndGlobalSection
	GlobalSection(ProjectConfigurationPlatforms) = postSolution
		{12AA9964-C1BD-406A-9545-43EE63230EBE}.Debug|x64.ActiveCfg = Debug|x64
		{12AA9964-C1BD-406A-9545-43EE63230EBE}.Debug|x64.Build.0 = Debug|x64
		{12AA9964-C1BD-406A-9545-43EE63230EBE}.Debug|x86.ActiveCfg = Debug|Win32
		{12AA9964-C1BD-406A-9545-43EE63230EBE}.Debug|x86.Build.0 = Debug|Win32
		{12AA9964-C1BD-406A-9545-43EE63230EBE}.Release|x64.ActiveCfg = Release|x64
		{12AA9964-C1BD-406A-9545-43EE63230EBE}.Release|x64.Build.0 = Release|x64
		{12AA9964-C1BD-406A-9545-43EE63230EBE}.Release|x86.ActiveCfg = Release|Win32
		{12AA9964-C1BD-406A-9545-43EE63230EBE}.Release|x86.Build.0 = Release|Win32
		{F0A80ABB-A11A-492C-B5FC-E26C29A988D8}.Debug|x64.ActiveCfg = Debug|x64
		{F0A80ABB-A11A-492C-B5FC-E26C29A988D8}.Debug|x64.Build.0 = Debug|x64
		{F0A80ABB-A11A-492C-B5FC-E26C29A988D8}.Debug|x86.ActiveCfg = Debug|Win32
		{F0A80ABB-A11A-492C-B5FC-E26C29A988D8}.Debug|x86.Build.0 = Debug|Win32
		{F0A80ABB-A11A-492C-B5FC-E26C29A988D8}.Release|x64.ActiveCfg = Release|x64
		{F0A80ABB-A11A-492C-B5FC-E26C29A988D8}.Release|x64.Build.0 = Release|x64
		{F0A80ABB-A11A-492C-B5FC-E26C29A988D8}.Release|x86.ActiveCfg = Release|Win32
		{F0A80ABB-A11A-492C-B5FC-E26C29A988D8}.Release|x86.Build.0 = Release|Win32
		{15F3D38B-14FF-4872-805D-6D9C52920842}.Debug|x64.ActiveCfg = Debug|x64
		{15F3D38B-14FF-4872-805D-6D9C52920842}.Debug|x64.Build.0 = Debug|x64
		{15F3D38B-14FF-4872-805D-6D9C52920842}.Debug|x86.ActiveCfg = Debug|Win32
		{15F3D38B-14FF-4872-805D-6D9C52920842}.Debug|x86.Build.0 = Debug|Win32
		{15F3D38B-14FF-4872-805D-6D9C52920842}.Release|x64.ActiveCfg = Release|x64
		{15F3D38B-14FF-4872-805D-6D9C52920842}.Release|x64.Build.0 = Release|x64
		{15F3D38B-14FF-4872-805D-6D9C52920842}.Release|x86.ActiveCfg = Release|Win32
		{15F3D38B-14FF-4872-805D-6D9C52920842}.Release|x86.Build.0 = Release|Win32
		{A6679301-7BF1-4B37-9468-687769472E24}.Debug|x64.ActiveCfg = Debug|x64
		{A6679301-7BF1-4B37-9468-687769472E24}.Debug|x64.Build.0 = Debug|x64
		{A6679301-7BF1-4B37-9468-687769472E24}.Debug|x86.ActiveCfg = Debug|Win32
		{A6679301-7BF1-4B37-9468-687769472E24}.Debug|x86.Build.0 = Debug|Win32
		{A6679301-7BF1-4B37-9468-687769472E24}.Release|x64.ActiveCfg = Release|x64
		{A6679301-7BF1-4B37-9468-687769472E24}.Release|x64.Build.0 = Release|x64
		{A6679301-7BF1-4B37-9468-687769472E24}.Release|x86.ActiveCfg = Release|Win32
		{A6679301-7BF1-4B37-9468-687769472E24}.Release|x86.Build.0 = Release|Win32
		{253306D0-355B-41F2-A2F6-033DED548878}.Debug|x64.ActiveCfg = Debug|x64
		{253306D0-355B-41F2-A2F6-033DED548878}.Debug|x64.Build.0 = Debug|x64
		{253306D0-355B-41F2-A2F6-033DED548878}.Debug|x86.ActiveCfg = Debug|Win32
		{253306D0-355B-41F2-A2F6-033DED548878}.Debug|x86.Build.0 = Debug|Win32
		{253306D0-355B-41F2-A2F6-033DED548878}.Release|x64.ActiveCfg = Release|x64
		{253306D0-355B-41F2-A2F6-033DED548878}.Release|x64.Build.0 = Release|x64
		{253306D0-355B-41F2-A2F6-033DED548878}.Release|x86.ActiveCfg = Release|Win32
		{253306D0-355B-41F2-A2F6-033DED548878}.Release|x86.Build.0 = Release|Win32
		{C2AE52D0-1EA5-4072-BE90-E4CEEB5002C4}.Debug|x64.ActiveCfg = Debug|x64
		{C2AE52D0-1EA5-4072-BE90-E4CEEB5002C4}.Debug|x64.Build.0 = Debug|x64
		{C2AE52D0-1EA5-4072-BE90-E4CEEB5002C4}.Debug|x86.ActiveCfg = Debug|Win32
		{C2AE52D0-1EA5-4072-BE90-E4CEEB5002C4}.Debug|x86.Build.0 = Debug|Win32
		{C2AE52D0-1EA5-4072-BE90-E4CEEB5002C4}.Release|x64.ActiveCfg = Release|x64
		{C2AE52D0-1EA5-4072-BE90-E4CEEB5002C4}.Release|x64.Build.0 = Release|x64
		{C2AE52D0-1EA5-4072-BE90-E4CEEB5002C4}.Release|x86.ActiveCfg = Release|Win32
		{C2AE52D0-1EA5-4072-BE90-E4CEEB5002C4}.Release|x86.Build.0 = Release|Win32
		{09D9A76F-51FF-4310-ABBE-CD7C52F3B6EA}.Debug|x64.ActiveCfg = Debug|x64
		{09D9A76F-51FF-4310-ABBE-CD7C52F3B6EA}.Debug|x64.Build.0 = Debug|x64
		{09D9A76F-51FF-4310-ABBE-CD7C52F3B6EA}.Debug|x86.ActiveCfg = Debug|Win32
		{09D9A76F-51FF-4310-ABBE-CD7C52F3B6EA}.Debug|x86.Build.0 = Debug|Win32
		{09D9A76F-51FF-4310-ABBE-CD7C52F3B6EA}.Release|x64.ActiveCfg = Release|x64
		{09D9A76F-51FF-4310-ABBE-CD7C52F3B6EA}.Release|x64.Build.0 = Release|x64
		{09D9A76F-51FF-4310-ABBE-CD7C52F3B6EA}.Release|x86.ActiveCfg = Release|Win32
		{09D9A76F-51FF-4310-ABBE-CD7C52F3B6EA}.Release|x86.Build.0 = Release|Win32
		{79D1C15A-1FFD-4957-B56F-FE9874793C9A}.Debug|x64.ActiveCfg = Debug|x64
		{79D1C15A-1FFD-4957-B56F-FE9874793C9A}.Debug|x64.Build.0 = Debug|x64
		{79D1C15A-1FFD-4957-B56F-FE9874793C9A}.Debug|x86.ActiveCfg = Debug|Win32
		{79D1C15A-1FFD-4957-B56F-FE9874793C9A}.Debug|x86.Build.0 = Debug|Win32
		{79D1C15A-1FFD-4957-B56F-FE9874793C9A}.Release|x64.ActiveCfg = Release|x64
		{79D1C15A-1FFD-4957-B56F-FE9874793C9A}.Release|x64.Build.0 = Release|x64
		{79D1C15A-1FFD-4957-B56F-FE9874793C9A}.Release|x86.ActiveCfg = Release|Win32
		{79D1C15A-1FFD-4957-B56F-FE9874793C9A}.Release|x86.Build.0 = Release|Win32
		{F5708530-1C18-4C6D-8257-7025C4D0006A}.Debug|x64.ActiveCfg = Debug|x64
		{F5708530-1C18-4C6D-8257-7025C4D0006A}.Debug|x64.Build.0 = Debug|x64
		{F5708530-1C18-4C6D-8257-7025C4D0006A}.Debug|x86.ActiveCfg = Debug|Win32
		{F5708530-1C18-4C6D-8257-7025C4D0006A}.Debug|x86.Build.0 = Debug|Win32
		{F5708530-1C18-4C6D-8257-7025C4D0006A}.Release|x64.ActiveCfg = Release|x64
		{F5708530-1C18-4C6D-8257-7025C4D0006A}.Release|x64.Build.0 = Release|x64
		{F5708530-1C18-4C6D-8257-7025C4D0006A}.Release|x86.ActiveCfg = Release|Win32
		{F5708530-1C18-4C6D-8257-7025C4D0006A}.Release|x86.Build.0 = Release|Win32
		{A2669225-D449-4909-864E-018CF528779D}.Debug|x64.ActiveCfg = Debug|x64
		{A2669225-D449-4909-864E-018CF528779D}.Debug|x64.Build.0 = Debug|x64
		{A2669225-D449-4909-864E-018CF528779D}.Debug|x86.ActiveCfg = Debug|Win32
		{A2669225-D449-4909-864E-018CF528779D}.Debug|x86.Build.0 = Debug|Win32
		{A2669225-D449-4909-864E-018CF528779D}.Release|x64.ActiveCfg = Release|x64
		{A2669225-D449-4909-864E-018CF528779D}.Release|x64.Build.0 = Release|x64
		{A2669225-D449-4909-864E-018CF528779D}.Release|x86.ActiveCfg = Release|Win32
		{A2669225-D449-4909-864E-018CF528779D}.Release|x86.Build.0 = Release|Win32
		{285C998F-92FC-4FE1-96C6-4BB1551074F8}.Debug|x64.ActiveCfg = Debug|x64
		{285C998F-92FC-4FE1-96C6-4BB1551074F8}.Debug|x64.Build.0 = Debug|x64
		{285C998F-92FC-4FE1-96C6-4BB1551074F8}.Debug|x86.ActiveCfg = Debug|Win32
		{285C998F-92FC-4FE1-96C6-4BB1551074F8}.Debug|x86.Build.0 = Debug|Win32
		{285C998F-92FC-4FE1-96C6-4BB1551074F8}.Release|x64.ActiveCfg = Release|x64
		{285C998F-92FC-4FE1-96C6-4BB1551074F8}.Release|x64.Build.0 = Release|x64
		{285C998F-92FC-4FE1-96C6-4BB1551074F8}.Release|x86.ActiveCfg = Release|Win32
		{285C998F-92FC-4FE1-96C6-4BB1551074F8}.Release|x86.Build.0 = Release|Win32
		{37E4E408-2813-41EB-A6F2-1EF15CA6D896}.Debug|x64.ActiveCfg = Debug|x64
		{37E4E408-2813-41EB-A6F2-1EF15CA6D896}.Debug|x64.Build.0 = Debug|x64
		{37E4E408-2813-41EB-A6F2-1EF15CA6D896}.Debug|x86.ActiveCfg = Debug|Win32
		{37E4E408-2813-41EB-A6F2-1EF15CA6D896}.Debug|x86.Build.0 = Debug|Win32
		{37E4E408-2813-41EB-A6F2-1EF15CA6D896}.Release|x64.ActiveCfg = Release|x64
		{37E4E408-2813-41EB-A6F2-1EF15CA6D896}.Release|x64.Build.0 = Release|x64
		{37E4E408-2813-41EB-A6F2-1EF15CA6D896}.Release|x86.ActiveCfg = Release|Win32
		{37E4E408-2813-41EB-A6F2-1EF15CA6D896}.Release|x86.Build.0 = Release|Win32
		{21704A50-CBD1-43C4-B4E1-FB8D3E3CC365}.Debug|x64.ActiveCfg = Debug|x64
		{21704A50-CBD1-43C4-B4E1-FB8D3E3CC365}.Debug|x64.Build.0 = Debug|x64
		{21704A50-CBD1-43C4-B4E1-FB8D3E3CC365}.Debug|x86.ActiveCfg = Debug|Win32
		{21704A50-CBD1-43C4-B4E1-FB8D3E3CC365}.Debug|x86.Build.0 = Debug|Win32
		{21704A50-CBD1-43C4-B4E1-FB8D3E3CC365}.Release|x64.ActiveCfg = Release|x64
		{21704A50-CBD1-43C4-B4E1-FB8D3E3CC365}.Release|x64.Build.0 = Release|x64
		{21704A50-CBD1-43C4-B4E1-FB8D3E3CC365}.Release|x86.ActiveCfg = Release|Win32
		{21704A50-CBD1-43C4-B4E1-FB8D3E3CC365}.Release|x86.Build.0 = Release|Win32
	EndGlobalSection
	GlobalSection(SolutionProperties) = preSolution
		HideSolutionNode = FALSE
	EndGlobalSection
	GlobalSection(ExtensibilityGlobals) = postSolution
		SolutionGuid = {0E880A34-777B-40F3-A837-B3C9054B3003}
	EndGlobalSection
EndGlobal
